// !$*UTF8*$!
{
	archiveVersion = 1;
	classes = {
	};
	objectVersion = 46;
	objects = {

/* Begin PBXBuildFile section */
		D5775F001EA47E470056EA0B /* AppDelegate.swift in Sources */ = {isa = PBXBuildFile; fileRef = D5775EFF1EA47E470056EA0B /* AppDelegate.swift */; };
		D5775F021EA47E470056EA0B /* VCMain.swift in Sources */ = {isa = PBXBuildFile; fileRef = D5775F011EA47E470056EA0B /* VCMain.swift */; };
		D5775F051EA47E470056EA0B /* Main.storyboard in Resources */ = {isa = PBXBuildFile; fileRef = D5775F031EA47E470056EA0B /* Main.storyboard */; };
		D5775F081EA47E470056EA0B /* testForest.xcdatamodeld in Sources */ = {isa = PBXBuildFile; fileRef = D5775F061EA47E470056EA0B /* testForest.xcdatamodeld */; };
		D5775F0A1EA47E480056EA0B /* Assets.xcassets in Resources */ = {isa = PBXBuildFile; fileRef = D5775F091EA47E480056EA0B /* Assets.xcassets */; };
		D5775F0D1EA47E480056EA0B /* LaunchScreen.storyboard in Resources */ = {isa = PBXBuildFile; fileRef = D5775F0B1EA47E480056EA0B /* LaunchScreen.storyboard */; };
		D5775F181EA488290056EA0B /* VCEdit.swift in Sources */ = {isa = PBXBuildFile; fileRef = D5775F171EA488290056EA0B /* VCEdit.swift */; };
		D5775F1A1EA4E9F40056EA0B /* VCSee.swift in Sources */ = {isa = PBXBuildFile; fileRef = D5775F191EA4E9F40056EA0B /* VCSee.swift */; };
/* End PBXBuildFile section */

/* Begin PBXFileReference section */
		D5775EFC1EA47E470056EA0B /* testForest.app */ = {isa = PBXFileReference; explicitFileType = wrapper.application; includeInIndex = 0; path = testForest.app; sourceTree = BUILT_PRODUCTS_DIR; };
		D5775EFF1EA47E470056EA0B /* AppDelegate.swift */ = {isa = PBXFileReference; lastKnownFileType = sourcecode.swift; path = AppDelegate.swift; sourceTree = "<group>"; };
		D5775F011EA47E470056EA0B /* VCMain.swift */ = {isa = PBXFileReference; lastKnownFileType = sourcecode.swift; path = VCMain.swift; sourceTree = "<group>"; };
		D5775F041EA47E470056EA0B /* Base */ = {isa = PBXFileReference; lastKnownFileType = file.storyboard; name = Base; path = Base.lproj/Main.storyboard; sourceTree = "<group>"; };
		D5775F071EA47E470056EA0B /* testForest.xcdatamodel */ = {isa = PBXFileReference; lastKnownFileType = wrapper.xcdatamodel; path = testForest.xcdatamodel; sourceTree = "<group>"; };
		D5775F091EA47E480056EA0B /* Assets.xcassets */ = {isa = PBXFileReference; lastKnownFileType = folder.assetcatalog; path = Assets.xcassets; sourceTree = "<group>"; };
		D5775F0C1EA47E480056EA0B /* Base */ = {isa = PBXFileReference; lastKnownFileType = file.storyboard; name = Base; path = Base.lproj/LaunchScreen.storyboard; sourceTree = "<group>"; };
		D5775F0E1EA47E480056EA0B /* Info.plist */ = {isa = PBXFileReference; lastKnownFileType = text.plist.xml; path = Info.plist; sourceTree = "<group>"; };
		D5775F171EA488290056EA0B /* VCEdit.swift */ = {isa = PBXFileReference; fileEncoding = 4; lastKnownFileType = sourcecode.swift; path = VCEdit.swift; sourceTree = "<group>"; };
		D5775F191EA4E9F40056EA0B /* VCSee.swift */ = {isa = PBXFileReference; fileEncoding = 4; lastKnownFileType = sourcecode.swift; path = VCSee.swift; sourceTree = "<group>"; };
/* End PBXFileReference section */

/* Begin PBXFrameworksBuildPhase section */
		D5775EF91EA47E470056EA0B /* Frameworks */ = {
			isa = PBXFrameworksBuildPhase;
			buildActionMask = 2147483647;
			files = (
			);
			runOnlyForDeploymentPostprocessing = 0;
		};
/* End PBXFrameworksBuildPhase section */

/* Begin PBXGroup section */
		D5775EF31EA47E470056EA0B = {
			isa = PBXGroup;
			children = (
				D5775EFE1EA47E470056EA0B /* testForest */,
				D5775EFD1EA47E470056EA0B /* Products */,
			);
			sourceTree = "<group>";
		};
		D5775EFD1EA47E470056EA0B /* Products */ = {
			isa = PBXGroup;
			children = (
				D5775EFC1EA47E470056EA0B /* testForest.app */,
			);
			name = Products;
			sourceTree = "<group>";
		};
		D5775EFE1EA47E470056EA0B /* testForest */ = {
			isa = PBXGroup;
			children = (
				D5775F151EA47E7A0056EA0B /* Controller */,
				D5775EFF1EA47E470056EA0B /* AppDelegate.swift */,
				D5775F031EA47E470056EA0B /* Main.storyboard */,
				D5775F091EA47E480056EA0B /* Assets.xcassets */,
				D5775F0B1EA47E480056EA0B /* LaunchScreen.storyboard */,
				D5775F0E1EA47E480056EA0B /* Info.plist */,
				D5775F061EA47E470056EA0B /* testForest.xcdatamodeld */,
			);
			path = testForest;
			sourceTree = "<group>";
		};
		D5775F151EA47E7A0056EA0B /* Controller */ = {
			isa = PBXGroup;
			children = (
				D5775F011EA47E470056EA0B /* VCMain.swift */,
				D5775F171EA488290056EA0B /* VCEdit.swift */,
				D5775F191EA4E9F40056EA0B /* VCSee.swift */,
			);
			name = Controller;
			sourceTree = "<group>";
		};
/* End PBXGroup section */

/* Begin PBXNativeTarget section */
		D5775EFB1EA47E470056EA0B /* testForest */ = {
			isa = PBXNativeTarget;
			buildConfigurationList = D5775F111EA47E480056EA0B /* Build configuration list for PBXNativeTarget "testForest" */;
			buildPhases = (
				D5775EF81EA47E470056EA0B /* Sources */,
				D5775EF91EA47E470056EA0B /* Frameworks */,
				D5775EFA1EA47E470056EA0B /* Resources */,
			);
			buildRules = (
			);
			dependencies = (
			);
			name = testForest;
			productName = testForest;
			productReference = D5775EFC1EA47E470056EA0B /* testForest.app */;
			productType = "com.apple.product-type.application";
		};
/* End PBXNativeTarget section */

/* Begin PBXProject section */
		D5775EF41EA47E470056EA0B /* Project object */ = {
			isa = PBXProject;
			attributes = {
				LastSwiftUpdateCheck = 0830;
				LastUpgradeCheck = 0830;
				ORGANIZATIONNAME = dingo;
				TargetAttributes = {
					D5775EFB1EA47E470056EA0B = {
						CreatedOnToolsVersion = 8.3.1;
						DevelopmentTeam = C2B3HVUV3F;
						ProvisioningStyle = Automatic;
					};
				};
			};
			buildConfigurationList = D5775EF71EA47E470056EA0B /* Build configuration list for PBXProject "testForest" */;
			compatibilityVersion = "Xcode 3.2";
			developmentRegion = English;
			hasScannedForEncodings = 0;
			knownRegions = (
				en,
				Base,
			);
			mainGroup = D5775EF31EA47E470056EA0B;
			productRefGroup = D5775EFD1EA47E470056EA0B /* Products */;
			projectDirPath = "";
			projectRoot = "";
			targets = (
				D5775EFB1EA47E470056EA0B /* testForest */,
			);
		};
/* End PBXProject section */

/* Begin PBXResourcesBuildPhase section */
		D5775EFA1EA47E470056EA0B /* Resources */ = {
			isa = PBXResourcesBuildPhase;
			buildActionMask = 2147483647;
			files = (
				D5775F0D1EA47E480056EA0B /* LaunchScreen.storyboard in Resources */,
				D5775F0A1EA47E480056EA0B /* Assets.xcassets in Resources */,
				D5775F051EA47E470056EA0B /* Main.storyboard in Resources */,
			);
			runOnlyForDeploymentPostprocessing = 0;
		};
/* End PBXResourcesBuildPhase section */

/* Begin PBXSourcesBuildPhase section */
		D5775EF81EA47E470056EA0B /* Sources */ = {
			isa = PBXSourcesBuildPhase;
			buildActionMask = 2147483647;
			files = (
				D5775F021EA47E470056EA0B /* VCMain.swift in Sources */,
				D5775F1A1EA4E9F40056EA0B /* VCSee.swift in Sources */,
				D5775F181EA488290056EA0B /* VCEdit.swift in Sources */,
				D5775F001EA47E470056EA0B /* AppDelegate.swift in Sources */,
				D5775F081EA47E470056EA0B /* testForest.xcdatamodeld in Sources */,
			);
			runOnlyForDeploymentPostprocessing = 0;
		};
/* End PBXSourcesBuildPhase section */

/* Begin PBXVariantGroup section */
		D5775F031EA47E470056EA0B /* Main.storyboard */ = {
			isa = PBXVariantGroup;
			children = (
				D5775F041EA47E470056EA0B /* Base */,
			);
			name = Main.storyboard;
			sourceTree = "<group>";
		};
		D5775F0B1EA47E480056EA0B /* LaunchScreen.storyboard */ = {
			isa = PBXVariantGroup;
			children = (
				D5775F0C1EA47E480056EA0B /* Base */,
			);
			name = LaunchScreen.storyboard;
			sourceTree = "<group>";
		};
/* End PBXVariantGroup section */

/* Begin XCBuildConfiguration section */
		D5775F0F1EA47E480056EA0B /* Debug */ = {
			isa = XCBuildConfiguration;
			buildSettings = {
				ALWAYS_SEARCH_USER_PATHS = NO;
				CLANG_ANALYZER_NONNULL = YES;
				CLANG_ANALYZER_NUMBER_OBJECT_CONVERSION = YES_AGGRESSIVE;
				CLANG_CXX_LANGUAGE_STANDARD = "gnu++0x";
				CLANG_CXX_LIBRARY = "libc++";
				CLANG_ENABLE_MODULES = YES;
				CLANG_ENABLE_OBJC_ARC = YES;
				CLANG_WARN_BOOL_CONVERSION = YES;
				CLANG_WARN_CONSTANT_CONVERSION = YES;
				CLANG_WARN_DIRECT_OBJC_ISA_USAGE = YES_ERROR;
				CLANG_WARN_DOCUMENTATION_COMMENTS = YES;
				CLANG_WARN_EMPTY_BODY = YES;
				CLANG_WARN_ENUM_CONVERSION = YES;
				CLANG_WARN_INFINITE_RECURSION = YES;
				CLANG_WARN_INT_CONVERSION = YES;
				CLANG_WARN_OBJC_ROOT_CLASS = YES_ERROR;
				CLANG_WARN_SUSPICIOUS_MOVE = YES;
				CLANG_WARN_UNREACHABLE_CODE = YES;
				CLANG_WARN__DUPLICATE_METHOD_MATCH = YES;
				"CODE_SIGN_IDENTITY[sdk=iphoneos*]" = "iPhone Developer";
				COPY_PHASE_STRIP = NO;
				DEBUG_INFORMATION_FORMAT = dwarf;
				ENABLE_STRICT_OBJC_MSGSEND = YES;
				ENABLE_TESTABILITY = YES;
				GCC_C_LANGUAGE_STANDARD = gnu99;
				GCC_DYNAMIC_NO_PIC = NO;
				GCC_NO_COMMON_BLOCKS = YES;
				GCC_OPTIMIZATION_LEVEL = 0;
				GCC_PREPROCESSOR_DEFINITIONS = (
					"DEBUG=1",
					"$(inherited)",
				);
				GCC_WARN_64_TO_32_BIT_CONVERSION = YES;
				GCC_WARN_ABOUT_RETURN_TYPE = YES_ERROR;
				GCC_WARN_UNDECLARED_SELECTOR = YES;
				GCC_WARN_UNINITIALIZED_AUTOS = YES_AGGRESSIVE;
				GCC_WARN_UNUSED_FUNCTION = YES;
				GCC_WARN_UNUSED_VARIABLE = YES;
				IPHONEOS_DEPLOYMENT_TARGET = 10.3;
				MTL_ENABLE_DEBUG_INFO = YES;
				ONLY_ACTIVE_ARCH = YES;
				SDKROOT = iphoneos;
				SWIFT_ACTIVE_COMPILATION_CONDITIONS = DEBUG;
				SWIFT_OPTIMIZATION_LEVEL = "-Onone";
				TARGETED_DEVICE_FAMILY = "1,2";
			};
			name = Debug;
		};
		D5775F101EA47E480056EA0B /* Release */ = {
			isa = XCBuildConfiguration;
			buildSettings = {
				ALWAYS_SEARCH_USER_PATHS = NO;
				CLANG_ANALYZER_NONNULL = YES;
				CLANG_ANALYZER_NUMBER_OBJECT_CONVERSION = YES_AGGRESSIVE;
				CLANG_CXX_LANGUAGE_STANDARD = "gnu++0x";
				CLANG_CXX_LIBRARY = "libc++";
				CLANG_ENABLE_MODULES = YES;
				CLANG_ENABLE_OBJC_ARC = YES;
				CLANG_WARN_BOOL_CONVERSION = YES;
				CLANG_WARN_CONSTANT_CONVERSION = YES;
				CLANG_WARN_DIRECT_OBJC_ISA_USAGE = YES_ERROR;
				CLANG_WARN_DOCUMENTATION_COMMENTS = YES;
				CLANG_WARN_EMPTY_BODY = YES;
				CLANG_WARN_ENUM_CONVERSION = YES;
				CLANG_WARN_INFINITE_RECURSION = YES;
				CLANG_WARN_INT_CONVERSION = YES;
				CLANG_WARN_OBJC_ROOT_CLASS = YES_ERROR;
				CLANG_WARN_SUSPICIOUS_MOVE = YES;
				CLANG_WARN_UNREACHABLE_CODE = YES;
				CLANG_WARN__DUPLICATE_METHOD_MATCH = YES;
				"CODE_SIGN_IDENTITY[sdk=iphoneos*]" = "iPhone Developer";
				COPY_PHASE_STRIP = NO;
				DEBUG_INFORMATION_FORMAT = "dwarf-with-dsym";
				ENABLE_NS_ASSERTIONS = NO;
				ENABLE_STRICT_OBJC_MSGSEND = YES;
				GCC_C_LANGUAGE_STANDARD = gnu99;
				GCC_NO_COMMON_BLOCKS = YES;
				GCC_WARN_64_TO_32_BIT_CONVERSION = YES;
				GCC_WARN_ABOUT_RETURN_TYPE = YES_ERROR;
				GCC_WARN_UNDECLARED_SELECTOR = YES;
				GCC_WARN_UNINITIALIZED_AUTOS = YES_AGGRESSIVE;
				GCC_WARN_UNUSED_FUNCTION = YES;
				GCC_WARN_UNUSED_VARIABLE = YES;
				IPHONEOS_DEPLOYMENT_TARGET = 10.3;
				MTL_ENABLE_DEBUG_INFO = NO;
				SDKROOT = iphoneos;
				SWIFT_OPTIMIZATION_LEVEL = "-Owholemodule";
				TARGETED_DEVICE_FAMILY = "1,2";
				VALIDATE_PRODUCT = YES;
			};
			name = Release;
		};
		D5775F121EA47E480056EA0B /* Debug */ = {
			isa = XCBuildConfiguration;
			buildSettings = {
				ASSETCATALOG_COMPILER_APPICON_NAME = AppIcon;
				DEVELOPMENT_TEAM = C2B3HVUV3F;
				INFOPLIST_FILE = testForest/Info.plist;
				IPHONEOS_DEPLOYMENT_TARGET = 10.3;
				LD_RUNPATH_SEARCH_PATHS = "$(inherited) @executable_path/Frameworks";
				PRODUCT_BUNDLE_IDENTIFIER = com.dingo.testForest;
				PRODUCT_NAME = "$(TARGET_NAME)";
				SWIFT_VERSION = 3.0;
			};
			name = Debug;
		};
		D5775F131EA47E480056EA0B /* Release */ = {
			isa = XCBuildConfiguration;
			buildSettings = {
				ASSETCATALOG_COMPILER_APPICON_NAME = AppIcon;
				DEVELOPMENT_TEAM = C2B3HVUV3F;
				INFOPLIST_FILE = testForest/Info.plist;
				IPHONEOS_DEPLOYMENT_TARGET = 10.3;
				LD_RUNPATH_SEARCH_PATHS = "$(inherited) @executable_path/Frameworks";
				PRODUCT_BUNDLE_IDENTIFIER = com.dingo.testForest;
				PRODUCT_NAME = "$(TARGET_NAME)";
				SWIFT_VERSION = 3.0;
			};
			name = Release;
		};
/* End XCBuildConfiguration section */

/* Begin XCConfigurationList section */
		D5775EF71EA47E470056EA0B /* Build configuration list for PBXProject "testForest" */ = {
			isa = XCConfigurationList;
			buildConfigurations = (
				D5775F0F1EA47E480056EA0B /* Debug */,
				D5775F101EA47E480056EA0B /* Release */,
			);
			defaultConfigurationIsVisible = 0;
			defaultConfigurationName = Release;
		};
		D5775F111EA47E480056EA0B /* Build configuration list for PBXNativeTarget "testForest" */ = {
			isa = XCConfigurationList;
			buildConfigurations = (
				D5775F121EA47E480056EA0B /* Debug */,
				D5775F131EA47E480056EA0B /* Release */,
			);
			defaultConfigurationIsVisible = 0;
			defaultConfigurationName = Release;
		};
/* End XCConfigurationList section */

/* Begin XCVersionGroup section */
		D5775F061EA47E470056EA0B /* testForest.xcdatamodeld */ = {
			isa = XCVersionGroup;
			children = (
				D5775F071EA47E470056EA0B /* testForest.xcdatamodel */,
			);
			currentVersion = D5775F071EA47E470056EA0B /* testForest.xcdatamodel */;
			path = testForest.xcdatamodeld;
			sourceTree = "<group>";
			versionGroupType = wrapper.xcdatamodel;
		};
/* End XCVersionGroup section */
	};
	rootObject = D5775EF41EA47E470056EA0B /* Project object */;
}
